
Microsoft Visual Studio Solution File, Format Version 12.00
# Visual Studio 15
VisualStudioVersion = 15.0.27130.2010
MinimumVisualStudioVersion = 10.0.40219.1
Project("{8BC9CEB8-8B4A-11D0-8D11-00A0C91BC942}") = "sfmlHonors", "sfmlHonors\sfmlHonors.vcxproj", "{7926284B-7FD5-40CE-94DD-4A6188501FE9}"
EndProject
Global
	GlobalSection(SolutionConfigurationPlatforms) = preSolution
		Debug|x64 = Debug|x64
		Debug|x86 = Debug|x86
		Release|x64 = Release|x64
		Release|x86 = Release|x86
	EndGlobalSection
	GlobalSection(ProjectConfigurationPlatforms) = postSolution
		{7926284B-7FD5-40CE-94DD-4A6188501FE9}.Debug|x64.ActiveCfg = Debug|x64
		{7926284B-7FD5-40CE-94DD-4A6188501FE9}.Debug|x64.Build.0 = Debug|x64
		{7926284B-7FD5-40CE-94DD-4A6188501FE9}.Debug|x86.ActiveCfg = Debug|Win32
		{7926284B-7FD5-40CE-94DD-4A6188501FE9}.Debug|x86.Build.0 = Debug|Win32
		{7926284B-7FD5-40CE-94DD-4A6188501FE9}.Release|x64.ActiveCfg = Release|x64
		{7926284B-7FD5-40CE-94DD-4A6188501FE9}.Release|x64.Build.0 = Release|x64
		{7926284B-7FD5-40CE-94DD-4A6188501FE9}.Release|x86.ActiveCfg = Debug|Win32
		{7926284B-7FD5-40CE-94DD-4A6188501FE9}.Release|x86.Build.0 = Debug|Win32
	EndGlobalSection
	GlobalSection(SolutionProperties) = preSolution
		HideSolutionNode = FALSE
	EndGlobalSection
	GlobalSection(ExtensibilityGlobals) = postSolution
		SolutionGuid = {E2F4EA43-1E67-4B61-BFE8-CCE1C608F6FF}
	EndGlobalSection
EndGlobal
